// !$*UTF8*$!
{
	archiveVersion = 1;
	classes = {
	};
	objectVersion = 55;
	objects = {

/* Begin PBXBuildFile section */
		5923C713284E5886005D92E7 /* Global.swift in Sources */ = {isa = PBXBuildFile; fileRef = 5923C712284E5886005D92E7 /* Global.swift */; };
		5923C715284E6FC5005D92E7 /* DrawingScreen.swift in Sources */ = {isa = PBXBuildFile; fileRef = 5923C714284E6FC5005D92E7 /* DrawingScreen.swift */; };
		5923C717284E786C005D92E7 /* CompareDrawings.swift in Sources */ = {isa = PBXBuildFile; fileRef = 5923C716284E786C005D92E7 /* CompareDrawings.swift */; };
		5923C719284E78F0005D92E7 /* DrawingCanvas.swift in Sources */ = {isa = PBXBuildFile; fileRef = 5923C718284E78F0005D92E7 /* DrawingCanvas.swift */; };
		597CF1BF284FA67E00C0ACD8 /* GoogleService-Info.plist in Resources */ = {isa = PBXBuildFile; fileRef = 597CF1BE284FA67E00C0ACD8 /* GoogleService-Info.plist */; };
		59AC479E284C5A5C003D2164 /* PerfectDrawingApp.swift in Sources */ = {isa = PBXBuildFile; fileRef = 59AC479D284C5A5C003D2164 /* PerfectDrawingApp.swift */; };
		59AC47A2284C5A5D003D2164 /* Assets.xcassets in Resources */ = {isa = PBXBuildFile; fileRef = 59AC47A1284C5A5D003D2164 /* Assets.xcassets */; };
		59AC47A5284C5A5D003D2164 /* Preview Assets.xcassets in Resources */ = {isa = PBXBuildFile; fileRef = 59AC47A4284C5A5D003D2164 /* Preview Assets.xcassets */; };
		59AC47AD284C5A92003D2164 /* HomeScreen.swift in Sources */ = {isa = PBXBuildFile; fileRef = 59AC47AC284C5A92003D2164 /* HomeScreen.swift */; };
		59BD00EB2850AB25003E26AE /* ResultSheet.swift in Sources */ = {isa = PBXBuildFile; fileRef = 59BD00EA2850AB25003E26AE /* ResultSheet.swift */; };
		59F9F124284C600C00AB1E2E /* FirebaseStorage in Frameworks */ = {isa = PBXBuildFile; productRef = 59F9F123284C600C00AB1E2E /* FirebaseStorage */; };
		59F9F128284C602800AB1E2E /* StorageManager.swift in Sources */ = {isa = PBXBuildFile; fileRef = 59F9F127284C602800AB1E2E /* StorageManager.swift */; };
		59F9F12C284C622400AB1E2E /* AppData.swift in Sources */ = {isa = PBXBuildFile; fileRef = 59F9F12B284C622400AB1E2E /* AppData.swift */; };
/* End PBXBuildFile section */

/* Begin PBXFileReference section */
		5923C712284E5886005D92E7 /* Global.swift */ = {isa = PBXFileReference; lastKnownFileType = sourcecode.swift; path = Global.swift; sourceTree = "<group>"; };
		5923C714284E6FC5005D92E7 /* DrawingScreen.swift */ = {isa = PBXFileReference; lastKnownFileType = sourcecode.swift; path = DrawingScreen.swift; sourceTree = "<group>"; };
		5923C716284E786C005D92E7 /* CompareDrawings.swift */ = {isa = PBXFileReference; lastKnownFileType = sourcecode.swift; path = CompareDrawings.swift; sourceTree = "<group>"; };
		5923C718284E78F0005D92E7 /* DrawingCanvas.swift */ = {isa = PBXFileReference; lastKnownFileType = sourcecode.swift; path = DrawingCanvas.swift; sourceTree = "<group>"; };
		597CF1BE284FA67E00C0ACD8 /* GoogleService-Info.plist */ = {isa = PBXFileReference; fileEncoding = 4; lastKnownFileType = text.plist.xml; path = "GoogleService-Info.plist"; sourceTree = "<group>"; };
		59AC479A284C5A5C003D2164 /* PerfectDrawing.app */ = {isa = PBXFileReference; explicitFileType = wrapper.application; includeInIndex = 0; path = PerfectDrawing.app; sourceTree = BUILT_PRODUCTS_DIR; };
		59AC479D284C5A5C003D2164 /* PerfectDrawingApp.swift */ = {isa = PBXFileReference; lastKnownFileType = sourcecode.swift; path = PerfectDrawingApp.swift; sourceTree = "<group>"; };
		59AC47A1284C5A5D003D2164 /* Assets.xcassets */ = {isa = PBXFileReference; lastKnownFileType = folder.assetcatalog; path = Assets.xcassets; sourceTree = "<group>"; };
		59AC47A4284C5A5D003D2164 /* Preview Assets.xcassets */ = {isa = PBXFileReference; lastKnownFileType = folder.assetcatalog; path = "Preview Assets.xcassets"; sourceTree = "<group>"; };
		59AC47AC284C5A92003D2164 /* HomeScreen.swift */ = {isa = PBXFileReference; lastKnownFileType = sourcecode.swift; path = HomeScreen.swift; sourceTree = "<group>"; };
		59BD00EA2850AB25003E26AE /* ResultSheet.swift */ = {isa = PBXFileReference; lastKnownFileType = sourcecode.swift; path = ResultSheet.swift; sourceTree = "<group>"; };
		59F9F127284C602800AB1E2E /* StorageManager.swift */ = {isa = PBXFileReference; lastKnownFileType = sourcecode.swift; path = StorageManager.swift; sourceTree = "<group>"; };
		59F9F12B284C622400AB1E2E /* AppData.swift */ = {isa = PBXFileReference; lastKnownFileType = sourcecode.swift; path = AppData.swift; sourceTree = "<group>"; };
/* End PBXFileReference section */

/* Begin PBXFrameworksBuildPhase section */
		59AC4797284C5A5C003D2164 /* Frameworks */ = {
			isa = PBXFrameworksBuildPhase;
			buildActionMask = 2147483647;
			files = (
				59F9F124284C600C00AB1E2E /* FirebaseStorage in Frameworks */,
			);
			runOnlyForDeploymentPostprocessing = 0;
		};
/* End PBXFrameworksBuildPhase section */

/* Begin PBXGroup section */
		59AC4791284C5A5C003D2164 = {
			isa = PBXGroup;
			children = (
				59AC479C284C5A5C003D2164 /* PerfectDrawing */,
				59AC479B284C5A5C003D2164 /* Products */,
			);
			sourceTree = "<group>";
		};
		59AC479B284C5A5C003D2164 /* Products */ = {
			isa = PBXGroup;
			children = (
				59AC479A284C5A5C003D2164 /* PerfectDrawing.app */,
			);
			name = Products;
			sourceTree = "<group>";
		};
		59AC479C284C5A5C003D2164 /* PerfectDrawing */ = {
			isa = PBXGroup;
			children = (
				59AC479D284C5A5C003D2164 /* PerfectDrawingApp.swift */,
				59F9F126284C601900AB1E2E /* Manager */,
				59AC47AB284C5A74003D2164 /* Views */,
				59AC47A1284C5A5D003D2164 /* Assets.xcassets */,
				59AC47A3284C5A5D003D2164 /* Preview Content */,
			);
			path = PerfectDrawing;
			sourceTree = "<group>";
		};
		59AC47A3284C5A5D003D2164 /* Preview Content */ = {
			isa = PBXGroup;
			children = (
				59AC47A4284C5A5D003D2164 /* Preview Assets.xcassets */,
			);
			path = "Preview Content";
			sourceTree = "<group>";
		};
		59AC47AB284C5A74003D2164 /* Views */ = {
			isa = PBXGroup;
			children = (
				59AC47AC284C5A92003D2164 /* HomeScreen.swift */,
				5923C718284E78F0005D92E7 /* DrawingCanvas.swift */,
				5923C714284E6FC5005D92E7 /* DrawingScreen.swift */,
				59BD00EA2850AB25003E26AE /* ResultSheet.swift */,
			);
			path = Views;
			sourceTree = "<group>";
		};
		59F9F126284C601900AB1E2E /* Manager */ = {
			isa = PBXGroup;
			children = (
				597CF1BE284FA67E00C0ACD8 /* GoogleService-Info.plist */,
				5923C716284E786C005D92E7 /* CompareDrawings.swift */,
				59F9F127284C602800AB1E2E /* StorageManager.swift */,
				59F9F12B284C622400AB1E2E /* AppData.swift */,
				5923C712284E5886005D92E7 /* Global.swift */,
			);
			path = Manager;
			sourceTree = "<group>";
		};
/* End PBXGroup section */

/* Begin PBXNativeTarget section */
		59AC4799284C5A5C003D2164 /* PerfectDrawing */ = {
			isa = PBXNativeTarget;
			buildConfigurationList = 59AC47A8284C5A5D003D2164 /* Build configuration list for PBXNativeTarget "PerfectDrawing" */;
			buildPhases = (
				59AC4796284C5A5C003D2164 /* Sources */,
				59AC4797284C5A5C003D2164 /* Frameworks */,
				59AC4798284C5A5C003D2164 /* Resources */,
			);
			buildRules = (
			);
			dependencies = (
			);
			name = PerfectDrawing;
			packageProductDependencies = (
				59F9F123284C600C00AB1E2E /* FirebaseStorage */,
			);
			productName = PerfectDrawing;
			productReference = 59AC479A284C5A5C003D2164 /* PerfectDrawing.app */;
			productType = "com.apple.product-type.application";
		};
/* End PBXNativeTarget section */

/* Begin PBXProject section */
		59AC4792284C5A5C003D2164 /* Project object */ = {
			isa = PBXProject;
			attributes = {
				BuildIndependentTargetsInParallel = 1;
				LastSwiftUpdateCheck = 1340;
				LastUpgradeCheck = 1340;
				TargetAttributes = {
					59AC4799284C5A5C003D2164 = {
						CreatedOnToolsVersion = 13.4;
					};
				};
			};
			buildConfigurationList = 59AC4795284C5A5C003D2164 /* Build configuration list for PBXProject "PerfectDrawing" */;
			compatibilityVersion = "Xcode 13.0";
			developmentRegion = en;
			hasScannedForEncodings = 0;
			knownRegions = (
				en,
				Base,
			);
			mainGroup = 59AC4791284C5A5C003D2164;
			packageReferences = (
				59F9F122284C600C00AB1E2E /* XCRemoteSwiftPackageReference "firebase-ios-sdk" */,
			);
			productRefGroup = 59AC479B284C5A5C003D2164 /* Products */;
			projectDirPath = "";
			projectRoot = "";
			targets = (
				59AC4799284C5A5C003D2164 /* PerfectDrawing */,
			);
		};
/* End PBXProject section */

/* Begin PBXResourcesBuildPhase section */
		59AC4798284C5A5C003D2164 /* Resources */ = {
			isa = PBXResourcesBuildPhase;
			buildActionMask = 2147483647;
			files = (
				59AC47A5284C5A5D003D2164 /* Preview Assets.xcassets in Resources */,
				59AC47A2284C5A5D003D2164 /* Assets.xcassets in Resources */,
				597CF1BF284FA67E00C0ACD8 /* GoogleService-Info.plist in Resources */,
			);
			runOnlyForDeploymentPostprocessing = 0;
		};
/* End PBXResourcesBuildPhase section */

/* Begin PBXSourcesBuildPhase section */
		59AC4796284C5A5C003D2164 /* Sources */ = {
			isa = PBXSourcesBuildPhase;
			buildActionMask = 2147483647;
			files = (
				5923C715284E6FC5005D92E7 /* DrawingScreen.swift in Sources */,
				59AC479E284C5A5C003D2164 /* PerfectDrawingApp.swift in Sources */,
				5923C713284E5886005D92E7 /* Global.swift in Sources */,
				59AC47AD284C5A92003D2164 /* HomeScreen.swift in Sources */,
				5923C719284E78F0005D92E7 /* DrawingCanvas.swift in Sources */,
				59BD00EB2850AB25003E26AE /* ResultSheet.swift in Sources */,
				59F9F128284C602800AB1E2E /* StorageManager.swift in Sources */,
				5923C717284E786C005D92E7 /* CompareDrawings.swift in Sources */,
				59F9F12C284C622400AB1E2E /* AppData.swift in Sources */,
			);
			runOnlyForDeploymentPostprocessing = 0;
		};
/* End PBXSourcesBuildPhase section */

/* Begin XCBuildConfiguration section */
		59AC47A6284C5A5D003D2164 /* Debug */ = {
			isa = XCBuildConfiguration;
			buildSettings = {
				ALWAYS_SEARCH_USER_PATHS = NO;
				CLANG_ANALYZER_NONNULL = YES;
				CLANG_ANALYZER_NUMBER_OBJECT_CONVERSION = YES_AGGRESSIVE;
				CLANG_CXX_LANGUAGE_STANDARD = "gnu++17";
				CLANG_ENABLE_MODULES = YES;
				CLANG_ENABLE_OBJC_ARC = YES;
				CLANG_ENABLE_OBJC_WEAK = YES;
				CLANG_WARN_BLOCK_CAPTURE_AUTORELEASING = YES;
				CLANG_WARN_BOOL_CONVERSION = YES;
				CLANG_WARN_COMMA = YES;
				CLANG_WARN_CONSTANT_CONVERSION = YES;
				CLANG_WARN_DEPRECATED_OBJC_IMPLEMENTATIONS = YES;
				CLANG_WARN_DIRECT_OBJC_ISA_USAGE = YES_ERROR;
				CLANG_WARN_DOCUMENTATION_COMMENTS = YES;
				CLANG_WARN_EMPTY_BODY = YES;
				CLANG_WARN_ENUM_CONVERSION = YES;
				CLANG_WARN_INFINITE_RECURSION = YES;
				CLANG_WARN_INT_CONVERSION = YES;
				CLANG_WARN_NON_LITERAL_NULL_CONVERSION = YES;
				CLANG_WARN_OBJC_IMPLICIT_RETAIN_SELF = YES;
				CLANG_WARN_OBJC_LITERAL_CONVERSION = YES;
				CLANG_WARN_OBJC_ROOT_CLASS = YES_ERROR;
				CLANG_WARN_QUOTED_INCLUDE_IN_FRAMEWORK_HEADER = YES;
				CLANG_WARN_RANGE_LOOP_ANALYSIS = YES;
				CLANG_WARN_STRICT_PROTOTYPES = YES;
				CLANG_WARN_SUSPICIOUS_MOVE = YES;
				CLANG_WARN_UNGUARDED_AVAILABILITY = YES_AGGRESSIVE;
				CLANG_WARN_UNREACHABLE_CODE = YES;
				CLANG_WARN__DUPLICATE_METHOD_MATCH = YES;
				COPY_PHASE_STRIP = NO;
				DEBUG_INFORMATION_FORMAT = dwarf;
				ENABLE_STRICT_OBJC_MSGSEND = YES;
				ENABLE_TESTABILITY = YES;
				GCC_C_LANGUAGE_STANDARD = gnu11;
				GCC_DYNAMIC_NO_PIC = NO;
				GCC_NO_COMMON_BLOCKS = YES;
				GCC_OPTIMIZATION_LEVEL = 0;
				GCC_PREPROCESSOR_DEFINITIONS = (
					"DEBUG=1",
					"$(inherited)",
				);
				GCC_WARN_64_TO_32_BIT_CONVERSION = YES;
				GCC_WARN_ABOUT_RETURN_TYPE = YES_ERROR;
				GCC_WARN_UNDECLARED_SELECTOR = YES;
				GCC_WARN_UNINITIALIZED_AUTOS = YES_AGGRESSIVE;
				GCC_WARN_UNUSED_FUNCTION = YES;
				GCC_WARN_UNUSED_VARIABLE = YES;
				IPHONEOS_DEPLOYMENT_TARGET = 15.5;
				MTL_ENABLE_DEBUG_INFO = INCLUDE_SOURCE;
				MTL_FAST_MATH = YES;
				ONLY_ACTIVE_ARCH = YES;
				SDKROOT = iphoneos;
				SWIFT_ACTIVE_COMPILATION_CONDITIONS = DEBUG;
				SWIFT_OPTIMIZATION_LEVEL = "-Onone";
			};
			name = Debug;
		};
		59AC47A7284C5A5D003D2164 /* Release */ = {
			isa = XCBuildConfiguration;
			buildSettings = {
				ALWAYS_SEARCH_USER_PATHS = NO;
				CLANG_ANALYZER_NONNULL = YES;
				CLANG_ANALYZER_NUMBER_OBJECT_CONVERSION = YES_AGGRESSIVE;
				CLANG_CXX_LANGUAGE_STANDARD = "gnu++17";
				CLANG_ENABLE_MODULES = YES;
				CLANG_ENABLE_OBJC_ARC = YES;
				CLANG_ENABLE_OBJC_WEAK = YES;
				CLANG_WARN_BLOCK_CAPTURE_AUTORELEASING = YES;
				CLANG_WARN_BOOL_CONVERSION = YES;
				CLANG_WARN_COMMA = YES;
				CLANG_WARN_CONSTANT_CONVERSION = YES;
				CLANG_WARN_DEPRECATED_OBJC_IMPLEMENTATIONS = YES;
				CLANG_WARN_DIRECT_OBJC_ISA_USAGE = YES_ERROR;
				CLANG_WARN_DOCUMENTATION_COMMENTS = YES;
				CLANG_WARN_EMPTY_BODY = YES;
				CLANG_WARN_ENUM_CONVERSION = YES;
				CLANG_WARN_INFINITE_RECURSION = YES;
				CLANG_WARN_INT_CONVERSION = YES;
				CLANG_WARN_NON_LITERAL_NULL_CONVERSION = YES;
				CLANG_WARN_OBJC_IMPLICIT_RETAIN_SELF = YES;
				CLANG_WARN_OBJC_LITERAL_CONVERSION = YES;
				CLANG_WARN_OBJC_ROOT_CLASS = YES_ERROR;
				CLANG_WARN_QUOTED_INCLUDE_IN_FRAMEWORK_HEADER = YES;
				CLANG_WARN_RANGE_LOOP_ANALYSIS = YES;
				CLANG_WARN_STRICT_PROTOTYPES = YES;
				CLANG_WARN_SUSPICIOUS_MOVE = YES;
				CLANG_WARN_UNGUARDED_AVAILABILITY = YES_AGGRESSIVE;
				CLANG_WARN_UNREACHABLE_CODE = YES;
				CLANG_WARN__DUPLICATE_METHOD_MATCH = YES;
				COPY_PHASE_STRIP = NO;
				DEBUG_INFORMATION_FORMAT = "dwarf-with-dsym";
				ENABLE_NS_ASSERTIONS = NO;
				ENABLE_STRICT_OBJC_MSGSEND = YES;
				GCC_C_LANGUAGE_STANDARD = gnu11;
				GCC_NO_COMMON_BLOCKS = YES;
				GCC_WARN_64_TO_32_BIT_CONVERSION = YES;
				GCC_WARN_ABOUT_RETURN_TYPE = YES_ERROR;
				GCC_WARN_UNDECLARED_SELECTOR = YES;
				GCC_WARN_UNINITIALIZED_AUTOS = YES_AGGRESSIVE;
				GCC_WARN_UNUSED_FUNCTION = YES;
				GCC_WARN_UNUSED_VARIABLE = YES;
				IPHONEOS_DEPLOYMENT_TARGET = 15.5;
				MTL_ENABLE_DEBUG_INFO = NO;
				MTL_FAST_MATH = YES;
				SDKROOT = iphoneos;
				SWIFT_COMPILATION_MODE = wholemodule;
				SWIFT_OPTIMIZATION_LEVEL = "-O";
				VALIDATE_PRODUCT = YES;
			};
			name = Release;
		};
		59AC47A9284C5A5D003D2164 /* Debug */ = {
			isa = XCBuildConfiguration;
			buildSettings = {
				ASSETCATALOG_COMPILER_APPICON_NAME = AppIcon;
				ASSETCATALOG_COMPILER_GLOBAL_ACCENT_COLOR_NAME = AccentColor;
				CODE_SIGN_STYLE = Automatic;
				CURRENT_PROJECT_VERSION = 1;
				DEVELOPMENT_ASSET_PATHS = "\"PerfectDrawing/Preview Content\"";
				DEVELOPMENT_TEAM = 46YLK6L3QN;
				ENABLE_PREVIEWS = YES;
				GENERATE_INFOPLIST_FILE = YES;
				INFOPLIST_KEY_UIApplicationSceneManifest_Generation = YES;
				INFOPLIST_KEY_UIApplicationSupportsIndirectInputEvents = YES;
				INFOPLIST_KEY_UILaunchScreen_Generation = YES;
				INFOPLIST_KEY_UIRequiresFullScreen = YES;
				INFOPLIST_KEY_UISupportedInterfaceOrientations = "UIInterfaceOrientationPortrait UIInterfaceOrientationPortraitUpsideDown";
				INFOPLIST_KEY_UISupportedInterfaceOrientations_iPad = "UIInterfaceOrientationPortrait UIInterfaceOrientationPortraitUpsideDown";
				INFOPLIST_KEY_UISupportedInterfaceOrientations_iPhone = "UIInterfaceOrientationPortrait UIInterfaceOrientationLandscapeLeft UIInterfaceOrientationLandscapeRight";
				LD_RUNPATH_SEARCH_PATHS = (
					"$(inherited)",
					"@executable_path/Frameworks",
				);
				MARKETING_VERSION = 1.0;
				PRODUCT_BUNDLE_IDENTIFIER = ethanchew.PerfectDrawing;
				PRODUCT_NAME = "$(TARGET_NAME)";
				SWIFT_EMIT_LOC_STRINGS = YES;
				SWIFT_VERSION = 5.0;
				TARGETED_DEVICE_FAMILY = 2;
			};
			name = Debug;
		};
		59AC47AA284C5A5D003D2164 /* Release */ = {
			isa = XCBuildConfiguration;
			buildSettings = {
				ASSETCATALOG_COMPILER_APPICON_NAME = AppIcon;
				ASSETCATALOG_COMPILER_GLOBAL_ACCENT_COLOR_NAME = AccentColor;
				CODE_SIGN_STYLE = Automatic;
				CURRENT_PROJECT_VERSION = 1;
				DEVELOPMENT_ASSET_PATHS = "\"PerfectDrawing/Preview Content\"";
				DEVELOPMENT_TEAM = 46YLK6L3QN;
				ENABLE_PREVIEWS = YES;
				GENERATE_INFOPLIST_FILE = YES;
				INFOPLIST_KEY_UIApplicationSceneManifest_Generation = YES;
				INFOPLIST_KEY_UIApplicationSupportsIndirectInputEvents = YES;
				INFOPLIST_KEY_UILaunchScreen_Generation = YES;
				INFOPLIST_KEY_UIRequiresFullScreen = YES;
				INFOPLIST_KEY_UISupportedInterfaceOrientations = "UIInterfaceOrientationPortrait UIInterfaceOrientationPortraitUpsideDown";
				INFOPLIST_KEY_UISupportedInterfaceOrientations_iPad = "UIInterfaceOrientationPortrait UIInterfaceOrientationPortraitUpsideDown";
				INFOPLIST_KEY_UISupportedInterfaceOrientations_iPhone = "UIInterfaceOrientationPortrait UIInterfaceOrientationLandscapeLeft UIInterfaceOrientationLandscapeRight";
				LD_RUNPATH_SEARCH_PATHS = (
					"$(inherited)",
					"@executable_path/Frameworks",
				);
				MARKETING_VERSION = 1.0;
				PRODUCT_BUNDLE_IDENTIFIER = ethanchew.PerfectDrawing;
				PRODUCT_NAME = "$(TARGET_NAME)";
				SWIFT_EMIT_LOC_STRINGS = YES;
				SWIFT_VERSION = 5.0;
				TARGETED_DEVICE_FAMILY = 2;
			};
			name = Release;
		};
/* End XCBuildConfiguration section */

/* Begin XCConfigurationList section */
		59AC4795284C5A5C003D2164 /* Build configuration list for PBXProject "PerfectDrawing" */ = {
			isa = XCConfigurationList;
			buildConfigurations = (
				59AC47A6284C5A5D003D2164 /* Debug */,
				59AC47A7284C5A5D003D2164 /* Release */,
			);
			defaultConfigurationIsVisible = 0;
			defaultConfigurationName = Release;
		};
		59AC47A8284C5A5D003D2164 /* Build configuration list for PBXNativeTarget "PerfectDrawing" */ = {
			isa = XCConfigurationList;
			buildConfigurations = (
				59AC47A9284C5A5D003D2164 /* Debug */,
				59AC47AA284C5A5D003D2164 /* Release */,
			);
			defaultConfigurationIsVisible = 0;
			defaultConfigurationName = Release;
		};
/* End XCConfigurationList section */

/* Begin XCRemoteSwiftPackageReference section */
		59F9F122284C600C00AB1E2E /* XCRemoteSwiftPackageReference "firebase-ios-sdk" */ = {
			isa = XCRemoteSwiftPackageReference;
			repositoryURL = "https://github.com/firebase/firebase-ios-sdk.git";
			requirement = {
				kind = upToNextMajorVersion;
				minimumVersion = 9.0.0;
			};
		};
/* End XCRemoteSwiftPackageReference section */

/* Begin XCSwiftPackageProductDependency section */
		59F9F123284C600C00AB1E2E /* FirebaseStorage */ = {
			isa = XCSwiftPackageProductDependency;
			package = 59F9F122284C600C00AB1E2E /* XCRemoteSwiftPackageReference "firebase-ios-sdk" */;
			productName = FirebaseStorage;
		};
/* End XCSwiftPackageProductDependency section */
	};
	rootObject = 59AC4792284C5A5C003D2164 /* Project object */;
}
